// !$*UTF8*$!
{
	archiveVersion = 1;
	classes = {
	};
	objectVersion = 55;
	objects = {

/* Begin PBXBuildFile section */
		5497B0BC281E535700BBCFEA /* AppDelegate.swift in Sources */ = {isa = PBXBuildFile; fileRef = 5497B0BB281E535700BBCFEA /* AppDelegate.swift */; };
		5497B0BE281E535700BBCFEA /* SceneDelegate.swift in Sources */ = {isa = PBXBuildFile; fileRef = 5497B0BD281E535700BBCFEA /* SceneDelegate.swift */; };
		5497B0C0281E535700BBCFEA /* ViewController.swift in Sources */ = {isa = PBXBuildFile; fileRef = 5497B0BF281E535700BBCFEA /* ViewController.swift */; };
		5497B0C6281E535700BBCFEA /* HaN.xcdatamodeld in Sources */ = {isa = PBXBuildFile; fileRef = 5497B0C4281E535700BBCFEA /* HaN.xcdatamodeld */; };
		5497B0C8281E535800BBCFEA /* Assets.xcassets in Resources */ = {isa = PBXBuildFile; fileRef = 5497B0C7281E535800BBCFEA /* Assets.xcassets */; };
		5497B0CB281E535800BBCFEA /* LaunchScreen.storyboard in Resources */ = {isa = PBXBuildFile; fileRef = 5497B0C9281E535800BBCFEA /* LaunchScreen.storyboard */; };
		5497B0D4281E536C00BBCFEA /* CodeView.swift in Sources */ = {isa = PBXBuildFile; fileRef = 5497B0D3281E536C00BBCFEA /* CodeView.swift */; };
		5497B0D8281E53F100BBCFEA /* SnapKit in Frameworks */ = {isa = PBXBuildFile; productRef = 5497B0D7281E53F100BBCFEA /* SnapKit */; };
/* End PBXBuildFile section */

/* Begin PBXFileReference section */
		5497B0B8281E535700BBCFEA /* HaN.app */ = {isa = PBXFileReference; explicitFileType = wrapper.application; includeInIndex = 0; path = HaN.app; sourceTree = BUILT_PRODUCTS_DIR; };
		5497B0BB281E535700BBCFEA /* AppDelegate.swift */ = {isa = PBXFileReference; lastKnownFileType = sourcecode.swift; path = AppDelegate.swift; sourceTree = "<group>"; };
		5497B0BD281E535700BBCFEA /* SceneDelegate.swift */ = {isa = PBXFileReference; lastKnownFileType = sourcecode.swift; path = SceneDelegate.swift; sourceTree = "<group>"; };
		5497B0BF281E535700BBCFEA /* ViewController.swift */ = {isa = PBXFileReference; lastKnownFileType = sourcecode.swift; path = ViewController.swift; sourceTree = "<group>"; };
		5497B0C5281E535700BBCFEA /* HaN.xcdatamodel */ = {isa = PBXFileReference; lastKnownFileType = wrapper.xcdatamodel; path = HaN.xcdatamodel; sourceTree = "<group>"; };
		5497B0C7281E535800BBCFEA /* Assets.xcassets */ = {isa = PBXFileReference; lastKnownFileType = folder.assetcatalog; path = Assets.xcassets; sourceTree = "<group>"; };
		5497B0CA281E535800BBCFEA /* Base */ = {isa = PBXFileReference; lastKnownFileType = file.storyboard; name = Base; path = Base.lproj/LaunchScreen.storyboard; sourceTree = "<group>"; };
		5497B0CC281E535800BBCFEA /* Info.plist */ = {isa = PBXFileReference; lastKnownFileType = text.plist.xml; path = Info.plist; sourceTree = "<group>"; };
		5497B0D3281E536C00BBCFEA /* CodeView.swift */ = {isa = PBXFileReference; lastKnownFileType = sourcecode.swift; path = CodeView.swift; sourceTree = "<group>"; };
/* End PBXFileReference section */

/* Begin PBXFrameworksBuildPhase section */
		5497B0B5281E535700BBCFEA /* Frameworks */ = {
			isa = PBXFrameworksBuildPhase;
			buildActionMask = 2147483647;
			files = (
				5497B0D8281E53F100BBCFEA /* SnapKit in Frameworks */,
			);
			runOnlyForDeploymentPostprocessing = 0;
		};
/* End PBXFrameworksBuildPhase section */

/* Begin PBXGroup section */
		5497B0AF281E535700BBCFEA = {
			isa = PBXGroup;
			children = (
				5497B0BA281E535700BBCFEA /* HaN */,
				5497B0B9281E535700BBCFEA /* Products */,
			);
			sourceTree = "<group>";
		};
		5497B0B9281E535700BBCFEA /* Products */ = {
			isa = PBXGroup;
			children = (
				5497B0B8281E535700BBCFEA /* HaN.app */,
			);
			name = Products;
			sourceTree = "<group>";
		};
		5497B0BA281E535700BBCFEA /* HaN */ = {
			isa = PBXGroup;
			children = (
				5497B0D5281E537200BBCFEA /* View */,
				5497B0D2281E536200BBCFEA /* Util */,
				5497B0BB281E535700BBCFEA /* AppDelegate.swift */,
				5497B0BD281E535700BBCFEA /* SceneDelegate.swift */,
				5497B0C7281E535800BBCFEA /* Assets.xcassets */,
				5497B0C9281E535800BBCFEA /* LaunchScreen.storyboard */,
				5497B0CC281E535800BBCFEA /* Info.plist */,
				5497B0C4281E535700BBCFEA /* HaN.xcdatamodeld */,
			);
			path = HaN;
			sourceTree = "<group>";
		};
		5497B0D2281E536200BBCFEA /* Util */ = {
			isa = PBXGroup;
			children = (
				5497B0D3281E536C00BBCFEA /* CodeView.swift */,
			);
			path = Util;
			sourceTree = "<group>";
		};
		5497B0D5281E537200BBCFEA /* View */ = {
			isa = PBXGroup;
			children = (
				5497B0BF281E535700BBCFEA /* ViewController.swift */,
			);
			path = View;
			sourceTree = "<group>";
		};
/* End PBXGroup section */

/* Begin PBXNativeTarget section */
		5497B0B7281E535700BBCFEA /* HaN */ = {
			isa = PBXNativeTarget;
			buildConfigurationList = 5497B0CF281E535800BBCFEA /* Build configuration list for PBXNativeTarget "HaN" */;
			buildPhases = (
				5497B0B4281E535700BBCFEA /* Sources */,
				5497B0B5281E535700BBCFEA /* Frameworks */,
				5497B0B6281E535700BBCFEA /* Resources */,
			);
			buildRules = (
			);
			dependencies = (
			);
			name = HaN;
			packageProductDependencies = (
				5497B0D7281E53F100BBCFEA /* SnapKit */,
			);
			productName = HaN;
			productReference = 5497B0B8281E535700BBCFEA /* HaN.app */;
			productType = "com.apple.product-type.application";
		};
/* End PBXNativeTarget section */

/* Begin PBXProject section */
		5497B0B0281E535700BBCFEA /* Project object */ = {
			isa = PBXProject;
			attributes = {
				BuildIndependentTargetsInParallel = 1;
				LastSwiftUpdateCheck = 1330;
				LastUpgradeCheck = 1330;
				TargetAttributes = {
					5497B0B7281E535700BBCFEA = {
						CreatedOnToolsVersion = 13.3.1;
					};
				};
			};
			buildConfigurationList = 5497B0B3281E535700BBCFEA /* Build configuration list for PBXProject "HaN" */;
			compatibilityVersion = "Xcode 13.0";
			developmentRegion = en;
			hasScannedForEncodings = 0;
			knownRegions = (
				en,
				Base,
			);
			mainGroup = 5497B0AF281E535700BBCFEA;
			packageReferences = (
				5497B0D6281E53F100BBCFEA /* XCRemoteSwiftPackageReference "SnapKit" */,
			);
			productRefGroup = 5497B0B9281E535700BBCFEA /* Products */;
			projectDirPath = "";
			projectRoot = "";
			targets = (
				5497B0B7281E535700BBCFEA /* HaN */,
			);
		};
/* End PBXProject section */

/* Begin PBXResourcesBuildPhase section */
		5497B0B6281E535700BBCFEA /* Resources */ = {
			isa = PBXResourcesBuildPhase;
			buildActionMask = 2147483647;
			files = (
				5497B0CB281E535800BBCFEA /* LaunchScreen.storyboard in Resources */,
				5497B0C8281E535800BBCFEA /* Assets.xcassets in Resources */,
			);
			runOnlyForDeploymentPostprocessing = 0;
		};
/* End PBXResourcesBuildPhase section */

/* Begin PBXSourcesBuildPhase section */
		5497B0B4281E535700BBCFEA /* Sources */ = {
			isa = PBXSourcesBuildPhase;
			buildActionMask = 2147483647;
			files = (
				5497B0C0281E535700BBCFEA /* ViewController.swift in Sources */,
				5497B0BC281E535700BBCFEA /* AppDelegate.swift in Sources */,
				5497B0BE281E535700BBCFEA /* SceneDelegate.swift in Sources */,
				5497B0D4281E536C00BBCFEA /* CodeView.swift in Sources */,
				5497B0C6281E535700BBCFEA /* HaN.xcdatamodeld in Sources */,
			);
			runOnlyForDeploymentPostprocessing = 0;
		};
/* End PBXSourcesBuildPhase section */

/* Begin PBXVariantGroup section */
		5497B0C9281E535800BBCFEA /* LaunchScreen.storyboard */ = {
			isa = PBXVariantGroup;
			children = (
				5497B0CA281E535800BBCFEA /* Base */,
			);
			name = LaunchScreen.storyboard;
			sourceTree = "<group>";
		};
/* End PBXVariantGroup section */

/* Begin XCBuildConfiguration section */
		5497B0CD281E535800BBCFEA /* Debug */ = {
			isa = XCBuildConfiguration;
			buildSettings = {
				ALWAYS_SEARCH_USER_PATHS = NO;
				CLANG_ANALYZER_NONNULL = YES;
				CLANG_ANALYZER_NUMBER_OBJECT_CONVERSION = YES_AGGRESSIVE;
				CLANG_CXX_LANGUAGE_STANDARD = "gnu++17";
				CLANG_ENABLE_MODULES = YES;
				CLANG_ENABLE_OBJC_ARC = YES;
				CLANG_ENABLE_OBJC_WEAK = YES;
				CLANG_WARN_BLOCK_CAPTURE_AUTORELEASING = YES;
				CLANG_WARN_BOOL_CONVERSION = YES;
				CLANG_WARN_COMMA = YES;
				CLANG_WARN_CONSTANT_CONVERSION = YES;
				CLANG_WARN_DEPRECATED_OBJC_IMPLEMENTATIONS = YES;
				CLANG_WARN_DIRECT_OBJC_ISA_USAGE = YES_ERROR;
				CLANG_WARN_DOCUMENTATION_COMMENTS = YES;
				CLANG_WARN_EMPTY_BODY = YES;
				CLANG_WARN_ENUM_CONVERSION = YES;
				CLANG_WARN_INFINITE_RECURSION = YES;
				CLANG_WARN_INT_CONVERSION = YES;
				CLANG_WARN_NON_LITERAL_NULL_CONVERSION = YES;
				CLANG_WARN_OBJC_IMPLICIT_RETAIN_SELF = YES;
				CLANG_WARN_OBJC_LITERAL_CONVERSION = YES;
				CLANG_WARN_OBJC_ROOT_CLASS = YES_ERROR;
				CLANG_WARN_QUOTED_INCLUDE_IN_FRAMEWORK_HEADER = YES;
				CLANG_WARN_RANGE_LOOP_ANALYSIS = YES;
				CLANG_WARN_STRICT_PROTOTYPES = YES;
				CLANG_WARN_SUSPICIOUS_MOVE = YES;
				CLANG_WARN_UNGUARDED_AVAILABILITY = YES_AGGRESSIVE;
				CLANG_WARN_UNREACHABLE_CODE = YES;
				CLANG_WARN__DUPLICATE_METHOD_MATCH = YES;
				COPY_PHASE_STRIP = NO;
				DEBUG_INFORMATION_FORMAT = dwarf;
				ENABLE_STRICT_OBJC_MSGSEND = YES;
				ENABLE_TESTABILITY = YES;
				GCC_C_LANGUAGE_STANDARD = gnu11;
				GCC_DYNAMIC_NO_PIC = NO;
				GCC_NO_COMMON_BLOCKS = YES;
				GCC_OPTIMIZATION_LEVEL = 0;
				GCC_PREPROCESSOR_DEFINITIONS = (
					"DEBUG=1",
					"$(inherited)",
				);
				GCC_WARN_64_TO_32_BIT_CONVERSION = YES;
				GCC_WARN_ABOUT_RETURN_TYPE = YES_ERROR;
				GCC_WARN_UNDECLARED_SELECTOR = YES;
				GCC_WARN_UNINITIALIZED_AUTOS = YES_AGGRESSIVE;
				GCC_WARN_UNUSED_FUNCTION = YES;
				GCC_WARN_UNUSED_VARIABLE = YES;
				IPHONEOS_DEPLOYMENT_TARGET = 15.4;
				MTL_ENABLE_DEBUG_INFO = INCLUDE_SOURCE;
				MTL_FAST_MATH = YES;
				ONLY_ACTIVE_ARCH = YES;
				SDKROOT = iphoneos;
				SWIFT_ACTIVE_COMPILATION_CONDITIONS = DEBUG;
				SWIFT_OPTIMIZATION_LEVEL = "-Onone";
			};
			name = Debug;
		};
		5497B0CE281E535800BBCFEA /* Release */ = {
			isa = XCBuildConfiguration;
			buildSettings = {
				ALWAYS_SEARCH_USER_PATHS = NO;
				CLANG_ANALYZER_NONNULL = YES;
				CLANG_ANALYZER_NUMBER_OBJECT_CONVERSION = YES_AGGRESSIVE;
				CLANG_CXX_LANGUAGE_STANDARD = "gnu++17";
				CLANG_ENABLE_MODULES = YES;
				CLANG_ENABLE_OBJC_ARC = YES;
				CLANG_ENABLE_OBJC_WEAK = YES;
				CLANG_WARN_BLOCK_CAPTURE_AUTORELEASING = YES;
				CLANG_WARN_BOOL_CONVERSION = YES;
				CLANG_WARN_COMMA = YES;
				CLANG_WARN_CONSTANT_CONVERSION = YES;
				CLANG_WARN_DEPRECATED_OBJC_IMPLEMENTATIONS = YES;
				CLANG_WARN_DIRECT_OBJC_ISA_USAGE = YES_ERROR;
				CLANG_WARN_DOCUMENTATION_COMMENTS = YES;
				CLANG_WARN_EMPTY_BODY = YES;
				CLANG_WARN_ENUM_CONVERSION = YES;
				CLANG_WARN_INFINITE_RECURSION = YES;
				CLANG_WARN_INT_CONVERSION = YES;
				CLANG_WARN_NON_LITERAL_NULL_CONVERSION = YES;
				CLANG_WARN_OBJC_IMPLICIT_RETAIN_SELF = YES;
				CLANG_WARN_OBJC_LITERAL_CONVERSION = YES;
				CLANG_WARN_OBJC_ROOT_CLASS = YES_ERROR;
				CLANG_WARN_QUOTED_INCLUDE_IN_FRAMEWORK_HEADER = YES;
				CLANG_WARN_RANGE_LOOP_ANALYSIS = YES;
				CLANG_WARN_STRICT_PROTOTYPES = YES;
				CLANG_WARN_SUSPICIOUS_MOVE = YES;
				CLANG_WARN_UNGUARDED_AVAILABILITY = YES_AGGRESSIVE;
				CLANG_WARN_UNREACHABLE_CODE = YES;
				CLANG_WARN__DUPLICATE_METHOD_MATCH = YES;
				COPY_PHASE_STRIP = NO;
				DEBUG_INFORMATION_FORMAT = "dwarf-with-dsym";
				ENABLE_NS_ASSERTIONS = NO;
				ENABLE_STRICT_OBJC_MSGSEND = YES;
				GCC_C_LANGUAGE_STANDARD = gnu11;
				GCC_NO_COMMON_BLOCKS = YES;
				GCC_WARN_64_TO_32_BIT_CONVERSION = YES;
				GCC_WARN_ABOUT_RETURN_TYPE = YES_ERROR;
				GCC_WARN_UNDECLARED_SELECTOR = YES;
				GCC_WARN_UNINITIALIZED_AUTOS = YES_AGGRESSIVE;
				GCC_WARN_UNUSED_FUNCTION = YES;
				GCC_WARN_UNUSED_VARIABLE = YES;
				IPHONEOS_DEPLOYMENT_TARGET = 15.4;
				MTL_ENABLE_DEBUG_INFO = NO;
				MTL_FAST_MATH = YES;
				SDKROOT = iphoneos;
				SWIFT_COMPILATION_MODE = wholemodule;
				SWIFT_OPTIMIZATION_LEVEL = "-O";
				VALIDATE_PRODUCT = YES;
			};
			name = Release;
		};
		5497B0D0281E535800BBCFEA /* Debug */ = {
			isa = XCBuildConfiguration;
			buildSettings = {
				ASSETCATALOG_COMPILER_APPICON_NAME = AppIcon;
				ASSETCATALOG_COMPILER_GLOBAL_ACCENT_COLOR_NAME = AccentColor;
				CODE_SIGN_STYLE = Automatic;
				CURRENT_PROJECT_VERSION = 1;
				GENERATE_INFOPLIST_FILE = YES;
				INFOPLIST_FILE = HaN/Info.plist;
				INFOPLIST_KEY_UIApplicationSupportsIndirectInputEvents = YES;
				INFOPLIST_KEY_UILaunchStoryboardName = LaunchScreen;
				INFOPLIST_KEY_UISupportedInterfaceOrientations_iPad = "UIInterfaceOrientationPortrait UIInterfaceOrientationPortraitUpsideDown UIInterfaceOrientationLandscapeLeft UIInterfaceOrientationLandscapeRight";
				INFOPLIST_KEY_UISupportedInterfaceOrientations_iPhone = "UIInterfaceOrientationPortrait UIInterfaceOrientationLandscapeLeft UIInterfaceOrientationLandscapeRight";
				LD_RUNPATH_SEARCH_PATHS = (
					"$(inherited)",
					"@executable_path/Frameworks",
				);
				MARKETING_VERSION = 1.0;
				PRODUCT_BUNDLE_IDENTIFIER = br.com.jabinho.HaN;
				PRODUCT_NAME = "$(TARGET_NAME)";
				SWIFT_EMIT_LOC_STRINGS = YES;
				SWIFT_VERSION = 5.0;
				TARGETED_DEVICE_FAMILY = 1;
			};
			name = Debug;
		};
		5497B0D1281E535800BBCFEA /* Release */ = {
			isa = XCBuildConfiguration;
			buildSettings = {
				ASSETCATALOG_COMPILER_APPICON_NAME = AppIcon;
				ASSETCATALOG_COMPILER_GLOBAL_ACCENT_COLOR_NAME = AccentColor;
				CODE_SIGN_STYLE = Automatic;
				CURRENT_PROJECT_VERSION = 1;
				GENERATE_INFOPLIST_FILE = YES;
				INFOPLIST_FILE = HaN/Info.plist;
				INFOPLIST_KEY_UIApplicationSupportsIndirectInputEvents = YES;
				INFOPLIST_KEY_UILaunchStoryboardName = LaunchScreen;
				INFOPLIST_KEY_UISupportedInterfaceOrientations_iPad = "UIInterfaceOrientationPortrait UIInterfaceOrientationPortraitUpsideDown UIInterfaceOrientationLandscapeLeft UIInterfaceOrientationLandscapeRight";
				INFOPLIST_KEY_UISupportedInterfaceOrientations_iPhone = "UIInterfaceOrientationPortrait UIInterfaceOrientationLandscapeLeft UIInterfaceOrientationLandscapeRight";
				LD_RUNPATH_SEARCH_PATHS = (
					"$(inherited)",
					"@executable_path/Frameworks",
				);
				MARKETING_VERSION = 1.0;
				PRODUCT_BUNDLE_IDENTIFIER = br.com.jabinho.HaN;
				PRODUCT_NAME = "$(TARGET_NAME)";
				SWIFT_EMIT_LOC_STRINGS = YES;
				SWIFT_VERSION = 5.0;
				TARGETED_DEVICE_FAMILY = 1;
			};
			name = Release;
		};
/* End XCBuildConfiguration section */

/* Begin XCConfigurationList section */
		5497B0B3281E535700BBCFEA /* Build configuration list for PBXProject "HaN" */ = {
			isa = XCConfigurationList;
			buildConfigurations = (
				5497B0CD281E535800BBCFEA /* Debug */,
				5497B0CE281E535800BBCFEA /* Release */,
			);
			defaultConfigurationIsVisible = 0;
			defaultConfigurationName = Release;
		};
		5497B0CF281E535800BBCFEA /* Build configuration list for PBXNativeTarget "HaN" */ = {
			isa = XCConfigurationList;
			buildConfigurations = (
				5497B0D0281E535800BBCFEA /* Debug */,
				5497B0D1281E535800BBCFEA /* Release */,
			);
			defaultConfigurationIsVisible = 0;
			defaultConfigurationName = Release;
		};
/* End XCConfigurationList section */

/* Begin XCRemoteSwiftPackageReference section */
		5497B0D6281E53F100BBCFEA /* XCRemoteSwiftPackageReference "SnapKit" */ = {
			isa = XCRemoteSwiftPackageReference;
			repositoryURL = "https://github.com/SnapKit/SnapKit.git";
			requirement = {
				kind = upToNextMajorVersion;
				minimumVersion = 5.0.0;
			};
		};
/* End XCRemoteSwiftPackageReference section */

/* Begin XCSwiftPackageProductDependency section */
		5497B0D7281E53F100BBCFEA /* SnapKit */ = {
			isa = XCSwiftPackageProductDependency;
			package = 5497B0D6281E53F100BBCFEA /* XCRemoteSwiftPackageReference "SnapKit" */;
			productName = SnapKit;
		};
/* End XCSwiftPackageProductDependency section */

/* Begin XCVersionGroup section */
		5497B0C4281E535700BBCFEA /* HaN.xcdatamodeld */ = {
			isa = XCVersionGroup;
			children = (
				5497B0C5281E535700BBCFEA /* HaN.xcdatamodel */,
			);
			currentVersion = 5497B0C5281E535700BBCFEA /* HaN.xcdatamodel */;
			path = HaN.xcdatamodeld;
			sourceTree = "<group>";
			versionGroupType = wrapper.xcdatamodel;
		};
/* End XCVersionGroup section */
	};
	rootObject = 5497B0B0281E535700BBCFEA /* Project object */;
}
